
Microsoft Visual Studio Solution File, Format Version 12.00
# Visual Studio Version 17
VisualStudioVersion = 17.5.002.0
MinimumVisualStudioVersion = 10.0.40219.1
Project("{9A19103F-16F7-4668-BE54-9A1E7A4F7556}") = "MvcMovie", "MvcMovie.csproj", "{738BC820-C9EB-4D3D-9F7D-20F72995D34A}"
EndProject
Global
	GlobalSection(SolutionConfigurationPlatforms) = preSolution
		Debug|Any CPU = Debug|Any CPU
		Release|Any CPU = Release|Any CPU
	EndGlobalSection
	GlobalSection(ProjectConfigurationPlatforms) = postSolution
		{738BC820-C9EB-4D3D-9F7D-20F72995D34A}.Debug|Any CPU.ActiveCfg = Debug|Any CPU
		{738BC820-C9EB-4D3D-9F7D-20F72995D34A}.Debug|Any CPU.Build.0 = Debug|Any CPU
		{738BC820-C9EB-4D3D-9F7D-20F72995D34A}.Release|Any CPU.ActiveCfg = Release|Any CPU
		{738BC820-C9EB-4D3D-9F7D-20F72995D34A}.Release|Any CPU.Build.0 = Release|Any CPU
	EndGlobalSection
	GlobalSection(SolutionProperties) = preSolution
		HideSolutionNode = FALSE
	EndGlobalSection
	GlobalSection(ExtensibilityGlobals) = postSolution
		SolutionGuid = {85D2E2DA-6418-45B1-932E-F67F9A170223}
	EndGlobalSection
EndGlobal
